
Microsoft Visual Studio Solution File, Format Version 12.00
# Visual Studio Version 17
VisualStudioVersion = 17.0.31903.59
MinimumVisualStudioVersion = 10.0.40219.1
Project("{FAE04EC0-301F-11D3-BF4B-00C04F79EFBC}") = "MarketWeight.Core", "MarketWeight.Core\MarketWeight.Core.csproj", "{69B08209-E31D-49B1-9E8F-7BFAA4F90A28}"
EndProject
Project("{FAE04EC0-301F-11D3-BF4B-00C04F79EFBC}") = "MarketWeight.Ado.Dapper", "MarketWeight.Ado.Dapper\MarketWeight.Ado.Dapper.csproj", "{96B8FD3E-F346-45A7-8432-D907B9DCBA7E}"
EndProject
Project("{FAE04EC0-301F-11D3-BF4B-00C04F79EFBC}") = "MarketWeight.Ado.Dapper.Test", "MarketWeight.Ado.Dapper.Test\MarketWeight.Ado.Dapper.Test.csproj", "{1E670891-17AC-4BF8-99EE-E1FC19BE0250}"
EndProject
Project("{FAE04EC0-301F-11D3-BF4B-00C04F79EFBC}") = "MarketWeight.API", "MarketWeightAPI\MarketWeight.API.csproj", "{134450DF-6CE1-D703-D04C-B5CF4C7F6E4B}"
EndProject
Project("{FAE04EC0-301F-11D3-BF4B-00C04F79EFBC}") = "MarketWeight.MVC", "MarketWeight.MVC\MarketWeight.MVC.csproj", "{053583B2-51BF-48CB-AF08-F6E5BD66244A}"
EndProject
Global
	GlobalSection(SolutionConfigurationPlatforms) = preSolution
		Debug|Any CPU = Debug|Any CPU
		Debug|x64 = Debug|x64
		Debug|x86 = Debug|x86
		Release|Any CPU = Release|Any CPU
		Release|x64 = Release|x64
		Release|x86 = Release|x86
	EndGlobalSection
	GlobalSection(ProjectConfigurationPlatforms) = postSolution
		{69B08209-E31D-49B1-9E8F-7BFAA4F90A28}.Debug|Any CPU.ActiveCfg = Debug|Any CPU
		{69B08209-E31D-49B1-9E8F-7BFAA4F90A28}.Debug|Any CPU.Build.0 = Debug|Any CPU
		{69B08209-E31D-49B1-9E8F-7BFAA4F90A28}.Debug|x64.ActiveCfg = Debug|Any CPU
		{69B08209-E31D-49B1-9E8F-7BFAA4F90A28}.Debug|x64.Build.0 = Debug|Any CPU
		{69B08209-E31D-49B1-9E8F-7BFAA4F90A28}.Debug|x86.ActiveCfg = Debug|Any CPU
		{69B08209-E31D-49B1-9E8F-7BFAA4F90A28}.Debug|x86.Build.0 = Debug|Any CPU
		{69B08209-E31D-49B1-9E8F-7BFAA4F90A28}.Release|Any CPU.ActiveCfg = Release|Any CPU
		{69B08209-E31D-49B1-9E8F-7BFAA4F90A28}.Release|Any CPU.Build.0 = Release|Any CPU
		{69B08209-E31D-49B1-9E8F-7BFAA4F90A28}.Release|x64.ActiveCfg = Release|Any CPU
		{69B08209-E31D-49B1-9E8F-7BFAA4F90A28}.Release|x64.Build.0 = Release|Any CPU
		{69B08209-E31D-49B1-9E8F-7BFAA4F90A28}.Release|x86.ActiveCfg = Release|Any CPU
		{69B08209-E31D-49B1-9E8F-7BFAA4F90A28}.Release|x86.Build.0 = Release|Any CPU
		{96B8FD3E-F346-45A7-8432-D907B9DCBA7E}.Debug|Any CPU.ActiveCfg = Debug|Any CPU
		{96B8FD3E-F346-45A7-8432-D907B9DCBA7E}.Debug|Any CPU.Build.0 = Debug|Any CPU
		{96B8FD3E-F346-45A7-8432-D907B9DCBA7E}.Debug|x64.ActiveCfg = Debug|Any CPU
		{96B8FD3E-F346-45A7-8432-D907B9DCBA7E}.Debug|x64.Build.0 = Debug|Any CPU
		{96B8FD3E-F346-45A7-8432-D907B9DCBA7E}.Debug|x86.ActiveCfg = Debug|Any CPU
		{96B8FD3E-F346-45A7-8432-D907B9DCBA7E}.Debug|x86.Build.0 = Debug|Any CPU
		{96B8FD3E-F346-45A7-8432-D907B9DCBA7E}.Release|Any CPU.ActiveCfg = Release|Any CPU
		{96B8FD3E-F346-45A7-8432-D907B9DCBA7E}.Release|Any CPU.Build.0 = Release|Any CPU
		{96B8FD3E-F346-45A7-8432-D907B9DCBA7E}.Release|x64.ActiveCfg = Release|Any CPU
		{96B8FD3E-F346-45A7-8432-D907B9DCBA7E}.Release|x64.Build.0 = Release|Any CPU
		{96B8FD3E-F346-45A7-8432-D907B9DCBA7E}.Release|x86.ActiveCfg = Release|Any CPU
		{96B8FD3E-F346-45A7-8432-D907B9DCBA7E}.Release|x86.Build.0 = Release|Any CPU
		{1E670891-17AC-4BF8-99EE-E1FC19BE0250}.Debug|Any CPU.ActiveCfg = Debug|Any CPU
		{1E670891-17AC-4BF8-99EE-E1FC19BE0250}.Debug|Any CPU.Build.0 = Debug|Any CPU
		{1E670891-17AC-4BF8-99EE-E1FC19BE0250}.Debug|x64.ActiveCfg = Debug|Any CPU
		{1E670891-17AC-4BF8-99EE-E1FC19BE0250}.Debug|x64.Build.0 = Debug|Any CPU
		{1E670891-17AC-4BF8-99EE-E1FC19BE0250}.Debug|x86.ActiveCfg = Debug|Any CPU
		{1E670891-17AC-4BF8-99EE-E1FC19BE0250}.Debug|x86.Build.0 = Debug|Any CPU
		{1E670891-17AC-4BF8-99EE-E1FC19BE0250}.Release|Any CPU.ActiveCfg = Release|Any CPU
		{1E670891-17AC-4BF8-99EE-E1FC19BE0250}.Release|Any CPU.Build.0 = Release|Any CPU
		{1E670891-17AC-4BF8-99EE-E1FC19BE0250}.Release|x64.ActiveCfg = Release|Any CPU
		{1E670891-17AC-4BF8-99EE-E1FC19BE0250}.Release|x64.Build.0 = Release|Any CPU
		{1E670891-17AC-4BF8-99EE-E1FC19BE0250}.Release|x86.ActiveCfg = Release|Any CPU
		{1E670891-17AC-4BF8-99EE-E1FC19BE0250}.Release|x86.Build.0 = Release|Any CPU
		{134450DF-6CE1-D703-D04C-B5CF4C7F6E4B}.Debug|Any CPU.ActiveCfg = Debug|Any CPU
		{134450DF-6CE1-D703-D04C-B5CF4C7F6E4B}.Debug|Any CPU.Build.0 = Debug|Any CPU
		{134450DF-6CE1-D703-D04C-B5CF4C7F6E4B}.Debug|x64.ActiveCfg = Debug|Any CPU
		{134450DF-6CE1-D703-D04C-B5CF4C7F6E4B}.Debug|x64.Build.0 = Debug|Any CPU
		{134450DF-6CE1-D703-D04C-B5CF4C7F6E4B}.Debug|x86.ActiveCfg = Debug|Any CPU
		{134450DF-6CE1-D703-D04C-B5CF4C7F6E4B}.Debug|x86.Build.0 = Debug|Any CPU
		{134450DF-6CE1-D703-D04C-B5CF4C7F6E4B}.Release|Any CPU.ActiveCfg = Release|Any CPU
		{134450DF-6CE1-D703-D04C-B5CF4C7F6E4B}.Release|Any CPU.Build.0 = Release|Any CPU
		{134450DF-6CE1-D703-D04C-B5CF4C7F6E4B}.Release|x64.ActiveCfg = Release|Any CPU
		{134450DF-6CE1-D703-D04C-B5CF4C7F6E4B}.Release|x64.Build.0 = Release|Any CPU
		{134450DF-6CE1-D703-D04C-B5CF4C7F6E4B}.Release|x86.ActiveCfg = Release|Any CPU
		{134450DF-6CE1-D703-D04C-B5CF4C7F6E4B}.Release|x86.Build.0 = Release|Any CPU
		{053583B2-51BF-48CB-AF08-F6E5BD66244A}.Debug|Any CPU.ActiveCfg = Debug|Any CPU
		{053583B2-51BF-48CB-AF08-F6E5BD66244A}.Debug|Any CPU.Build.0 = Debug|Any CPU
		{053583B2-51BF-48CB-AF08-F6E5BD66244A}.Debug|x64.ActiveCfg = Debug|Any CPU
		{053583B2-51BF-48CB-AF08-F6E5BD66244A}.Debug|x64.Build.0 = Debug|Any CPU
		{053583B2-51BF-48CB-AF08-F6E5BD66244A}.Debug|x86.ActiveCfg = Debug|Any CPU
		{053583B2-51BF-48CB-AF08-F6E5BD66244A}.Debug|x86.Build.0 = Debug|Any CPU
		{053583B2-51BF-48CB-AF08-F6E5BD66244A}.Release|Any CPU.ActiveCfg = Release|Any CPU
		{053583B2-51BF-48CB-AF08-F6E5BD66244A}.Release|Any CPU.Build.0 = Release|Any CPU
		{053583B2-51BF-48CB-AF08-F6E5BD66244A}.Release|x64.ActiveCfg = Release|Any CPU
		{053583B2-51BF-48CB-AF08-F6E5BD66244A}.Release|x64.Build.0 = Release|Any CPU
		{053583B2-51BF-48CB-AF08-F6E5BD66244A}.Release|x86.ActiveCfg = Release|Any CPU
		{053583B2-51BF-48CB-AF08-F6E5BD66244A}.Release|x86.Build.0 = Release|Any CPU
	EndGlobalSection
	GlobalSection(SolutionProperties) = preSolution
		HideSolutionNode = FALSE
	EndGlobalSection
	GlobalSection(ExtensibilityGlobals) = postSolution
		SolutionGuid = {980517EC-AF32-46A3-9330-718ADA4185E5}
	EndGlobalSection
EndGlobal
